
Microsoft Visual Studio Solution File, Format Version 12.00
# Visual Studio Version 16
VisualStudioVersion = 16.0.30711.63
MinimumVisualStudioVersion = 10.0.40219.1
Project("{FAE04EC0-301F-11D3-BF4B-00C04F79EFBC}") = "FitnessApp.Android", "FitnessApp.Android\FitnessApp.Android.csproj", "{0D0BB277-79F4-44E0-BFD8-6A7D93A7155A}"
EndProject
Project("{FAE04EC0-301F-11D3-BF4B-00C04F79EFBC}") = "FitnessApp", "FitnessApp\FitnessApp.csproj", "{1105108F-9C83-4AEA-B01C-0D833DBD367A}"
EndProject
Global
	GlobalSection(SolutionConfigurationPlatforms) = preSolution
		Debug|Any CPU = Debug|Any CPU
		Release|Any CPU = Release|Any CPU
	EndGlobalSection
	GlobalSection(ProjectConfigurationPlatforms) = postSolution
		{0D0BB277-79F4-44E0-BFD8-6A7D93A7155A}.Debug|Any CPU.ActiveCfg = Debug|Any CPU
		{0D0BB277-79F4-44E0-BFD8-6A7D93A7155A}.Debug|Any CPU.Build.0 = Debug|Any CPU
		{0D0BB277-79F4-44E0-BFD8-6A7D93A7155A}.Debug|Any CPU.Deploy.0 = Debug|Any CPU
		{0D0BB277-79F4-44E0-BFD8-6A7D93A7155A}.Release|Any CPU.ActiveCfg = Release|Any CPU
		{0D0BB277-79F4-44E0-BFD8-6A7D93A7155A}.Release|Any CPU.Build.0 = Release|Any CPU
		{0D0BB277-79F4-44E0-BFD8-6A7D93A7155A}.Release|Any CPU.Deploy.0 = Release|Any CPU
		{1105108F-9C83-4AEA-B01C-0D833DBD367A}.Debug|Any CPU.ActiveCfg = Debug|Any CPU
		{1105108F-9C83-4AEA-B01C-0D833DBD367A}.Debug|Any CPU.Build.0 = Debug|Any CPU
		{1105108F-9C83-4AEA-B01C-0D833DBD367A}.Debug|Any CPU.Deploy.0 = Debug|Any CPU
		{1105108F-9C83-4AEA-B01C-0D833DBD367A}.Release|Any CPU.ActiveCfg = Release|Any CPU
		{1105108F-9C83-4AEA-B01C-0D833DBD367A}.Release|Any CPU.Build.0 = Release|Any CPU
		{1105108F-9C83-4AEA-B01C-0D833DBD367A}.Release|Any CPU.Deploy.0 = Release|Any CPU
	EndGlobalSection
	GlobalSection(SolutionProperties) = preSolution
		HideSolutionNode = FALSE
	EndGlobalSection
	GlobalSection(ExtensibilityGlobals) = postSolution
		SolutionGuid = {211C0A20-E6D6-4F03-9296-46F553821A4A}
	EndGlobalSection
EndGlobal
